
Microsoft Visual Studio Solution File, Format Version 12.00
# Visual Studio 2012
Project("{FAE04EC0-301F-11D3-BF4B-00C04F79EFBC}") = "GerenciamentoContatos.ProjetoInicial", "GerenciamentoContatos.ProjetoInicial\GerenciamentoContatos.ProjetoInicial.csproj", "{E5DFB66A-94A9-475D-B5D3-28CC98263912}"
EndProject
Project("{FAE04EC0-301F-11D3-BF4B-00C04F79EFBC}") = "GerenciamentoContatos.WindowsForms", "GerenciamentoContatos.WindowsForms\GerenciamentoContatos.WindowsForms.csproj", "{5AD52DB2-220E-4A37-A6BF-F9D4B6ED5D6B}"
EndProject
Project("{FAE04EC0-301F-11D3-BF4B-00C04F79EFBC}") = "GerenciamentoContatos.Database", "GerenciamentoContatos.Database\GerenciamentoContatos.Database.csproj", "{5E5F56C7-35FB-4A3E-ADA9-FFF5B57A9CBD}"
EndProject
Project("{FAE04EC0-301F-11D3-BF4B-00C04F79EFBC}") = "GerenciamentoContatos.AutoModeling", "GerenciamentoContatos.AutoModeling\GerenciamentoContatos.AutoModeling.csproj", "{4F1298D6-D820-4B7D-8A7F-712A650AEC99}"
EndProject
Project("{FAE04EC0-301F-11D3-BF4B-00C04F79EFBC}") = "GerenciamentoContatos.Telerik", "GerenciamentoContatos.Telerik\GerenciamentoContatos.Telerik.csproj", "{DA092EB7-FF44-4231-B31F-068925F78F9F}"
EndProject
Project("{FAE04EC0-301F-11D3-BF4B-00C04F79EFBC}") = "GerenciamentoContatos.TesteUnitario", "GerenciamentoContatos.TesteUnitario\GerenciamentoContatos.TesteUnitario.csproj", "{30BC2B44-01C0-467F-8523-4AFEBC8AAC38}"
EndProject
Global
	GlobalSection(SolutionConfigurationPlatforms) = preSolution
		Debug|Any CPU = Debug|Any CPU
		Debug|ARM = Debug|ARM
		Debug|x64 = Debug|x64
		Debug|x86 = Debug|x86
		Release|Any CPU = Release|Any CPU
		Release|ARM = Release|ARM
		Release|x64 = Release|x64
		Release|x86 = Release|x86
	EndGlobalSection
	GlobalSection(ProjectConfigurationPlatforms) = postSolution
		{E5DFB66A-94A9-475D-B5D3-28CC98263912}.Debug|Any CPU.ActiveCfg = Debug|Any CPU
		{E5DFB66A-94A9-475D-B5D3-28CC98263912}.Debug|Any CPU.Build.0 = Debug|Any CPU
		{E5DFB66A-94A9-475D-B5D3-28CC98263912}.Debug|ARM.ActiveCfg = Debug|Any CPU
		{E5DFB66A-94A9-475D-B5D3-28CC98263912}.Debug|x64.ActiveCfg = Debug|Any CPU
		{E5DFB66A-94A9-475D-B5D3-28CC98263912}.Debug|x86.ActiveCfg = Debug|Any CPU
		{E5DFB66A-94A9-475D-B5D3-28CC98263912}.Release|Any CPU.ActiveCfg = Release|Any CPU
		{E5DFB66A-94A9-475D-B5D3-28CC98263912}.Release|Any CPU.Build.0 = Release|Any CPU
		{E5DFB66A-94A9-475D-B5D3-28CC98263912}.Release|ARM.ActiveCfg = Release|Any CPU
		{E5DFB66A-94A9-475D-B5D3-28CC98263912}.Release|x64.ActiveCfg = Release|Any CPU
		{E5DFB66A-94A9-475D-B5D3-28CC98263912}.Release|x86.ActiveCfg = Release|Any CPU
		{5AD52DB2-220E-4A37-A6BF-F9D4B6ED5D6B}.Debug|Any CPU.ActiveCfg = Debug|Any CPU
		{5AD52DB2-220E-4A37-A6BF-F9D4B6ED5D6B}.Debug|Any CPU.Build.0 = Debug|Any CPU
		{5AD52DB2-220E-4A37-A6BF-F9D4B6ED5D6B}.Debug|ARM.ActiveCfg = Debug|Any CPU
		{5AD52DB2-220E-4A37-A6BF-F9D4B6ED5D6B}.Debug|x64.ActiveCfg = Debug|Any CPU
		{5AD52DB2-220E-4A37-A6BF-F9D4B6ED5D6B}.Debug|x86.ActiveCfg = Debug|Any CPU
		{5AD52DB2-220E-4A37-A6BF-F9D4B6ED5D6B}.Release|Any CPU.ActiveCfg = Release|Any CPU
		{5AD52DB2-220E-4A37-A6BF-F9D4B6ED5D6B}.Release|Any CPU.Build.0 = Release|Any CPU
		{5AD52DB2-220E-4A37-A6BF-F9D4B6ED5D6B}.Release|ARM.ActiveCfg = Release|Any CPU
		{5AD52DB2-220E-4A37-A6BF-F9D4B6ED5D6B}.Release|x64.ActiveCfg = Release|Any CPU
		{5AD52DB2-220E-4A37-A6BF-F9D4B6ED5D6B}.Release|x86.ActiveCfg = Release|Any CPU
		{5E5F56C7-35FB-4A3E-ADA9-FFF5B57A9CBD}.Debug|Any CPU.ActiveCfg = Debug|Any CPU
		{5E5F56C7-35FB-4A3E-ADA9-FFF5B57A9CBD}.Debug|Any CPU.Build.0 = Debug|Any CPU
		{5E5F56C7-35FB-4A3E-ADA9-FFF5B57A9CBD}.Debug|ARM.ActiveCfg = Debug|Any CPU
		{5E5F56C7-35FB-4A3E-ADA9-FFF5B57A9CBD}.Debug|x64.ActiveCfg = Debug|Any CPU
		{5E5F56C7-35FB-4A3E-ADA9-FFF5B57A9CBD}.Debug|x86.ActiveCfg = Debug|Any CPU
		{5E5F56C7-35FB-4A3E-ADA9-FFF5B57A9CBD}.Release|Any CPU.ActiveCfg = Release|Any CPU
		{5E5F56C7-35FB-4A3E-ADA9-FFF5B57A9CBD}.Release|Any CPU.Build.0 = Release|Any CPU
		{5E5F56C7-35FB-4A3E-ADA9-FFF5B57A9CBD}.Release|ARM.ActiveCfg = Release|Any CPU
		{5E5F56C7-35FB-4A3E-ADA9-FFF5B57A9CBD}.Release|x64.ActiveCfg = Release|Any CPU
		{5E5F56C7-35FB-4A3E-ADA9-FFF5B57A9CBD}.Release|x86.ActiveCfg = Release|Any CPU
		{4F1298D6-D820-4B7D-8A7F-712A650AEC99}.Debug|Any CPU.ActiveCfg = Debug|Any CPU
		{4F1298D6-D820-4B7D-8A7F-712A650AEC99}.Debug|Any CPU.Build.0 = Debug|Any CPU
		{4F1298D6-D820-4B7D-8A7F-712A650AEC99}.Debug|ARM.ActiveCfg = Debug|Any CPU
		{4F1298D6-D820-4B7D-8A7F-712A650AEC99}.Debug|x64.ActiveCfg = Debug|Any CPU
		{4F1298D6-D820-4B7D-8A7F-712A650AEC99}.Debug|x86.ActiveCfg = Debug|Any CPU
		{4F1298D6-D820-4B7D-8A7F-712A650AEC99}.Release|Any CPU.ActiveCfg = Release|Any CPU
		{4F1298D6-D820-4B7D-8A7F-712A650AEC99}.Release|Any CPU.Build.0 = Release|Any CPU
		{4F1298D6-D820-4B7D-8A7F-712A650AEC99}.Release|ARM.ActiveCfg = Release|Any CPU
		{4F1298D6-D820-4B7D-8A7F-712A650AEC99}.Release|x64.ActiveCfg = Release|Any CPU
		{4F1298D6-D820-4B7D-8A7F-712A650AEC99}.Release|x86.ActiveCfg = Release|Any CPU
		{DA092EB7-FF44-4231-B31F-068925F78F9F}.Debug|Any CPU.ActiveCfg = Debug|Any CPU
		{DA092EB7-FF44-4231-B31F-068925F78F9F}.Debug|Any CPU.Build.0 = Debug|Any CPU
		{DA092EB7-FF44-4231-B31F-068925F78F9F}.Debug|ARM.ActiveCfg = Debug|Any CPU
		{DA092EB7-FF44-4231-B31F-068925F78F9F}.Debug|x64.ActiveCfg = Debug|Any CPU
		{DA092EB7-FF44-4231-B31F-068925F78F9F}.Debug|x86.ActiveCfg = Debug|Any CPU
		{DA092EB7-FF44-4231-B31F-068925F78F9F}.Release|Any CPU.ActiveCfg = Release|Any CPU
		{DA092EB7-FF44-4231-B31F-068925F78F9F}.Release|Any CPU.Build.0 = Release|Any CPU
		{DA092EB7-FF44-4231-B31F-068925F78F9F}.Release|ARM.ActiveCfg = Release|Any CPU
		{DA092EB7-FF44-4231-B31F-068925F78F9F}.Release|x64.ActiveCfg = Release|Any CPU
		{DA092EB7-FF44-4231-B31F-068925F78F9F}.Release|x86.ActiveCfg = Release|Any CPU
		{30BC2B44-01C0-467F-8523-4AFEBC8AAC38}.Debug|Any CPU.ActiveCfg = Debug|Any CPU
		{30BC2B44-01C0-467F-8523-4AFEBC8AAC38}.Debug|Any CPU.Build.0 = Debug|Any CPU
		{30BC2B44-01C0-467F-8523-4AFEBC8AAC38}.Debug|ARM.ActiveCfg = Debug|Any CPU
		{30BC2B44-01C0-467F-8523-4AFEBC8AAC38}.Debug|x64.ActiveCfg = Debug|Any CPU
		{30BC2B44-01C0-467F-8523-4AFEBC8AAC38}.Debug|x86.ActiveCfg = Debug|Any CPU
		{30BC2B44-01C0-467F-8523-4AFEBC8AAC38}.Release|Any CPU.ActiveCfg = Release|Any CPU
		{30BC2B44-01C0-467F-8523-4AFEBC8AAC38}.Release|Any CPU.Build.0 = Release|Any CPU
		{30BC2B44-01C0-467F-8523-4AFEBC8AAC38}.Release|ARM.ActiveCfg = Release|Any CPU
		{30BC2B44-01C0-467F-8523-4AFEBC8AAC38}.Release|x64.ActiveCfg = Release|Any CPU
		{30BC2B44-01C0-467F-8523-4AFEBC8AAC38}.Release|x86.ActiveCfg = Release|Any CPU
	EndGlobalSection
	GlobalSection(SolutionProperties) = preSolution
		HideSolutionNode = FALSE
	EndGlobalSection
EndGlobal
